
Microsoft Visual Studio Solution File, Format Version 12.00
# Visual Studio 14
VisualStudioVersion = 14.0.25123.0
MinimumVisualStudioVersion = 10.0.40219.1
Project("{FAE04EC0-301F-11D3-BF4B-00C04F79EFBC}") = "compito_quimi_weather_con_client_simulato", "compito_quimi_weather_con_client_simulato\compito_quimi_weather_con_client_simulato.csproj", "{5BBEE4C8-D239-4D23-87B8-D513F24E8760}"
EndProject
Global
	GlobalSection(SolutionConfigurationPlatforms) = preSolution
		Debug|Any CPU = Debug|Any CPU
		Release|Any CPU = Release|Any CPU
	EndGlobalSection
	GlobalSection(ProjectConfigurationPlatforms) = postSolution
		{5BBEE4C8-D239-4D23-87B8-D513F24E8760}.Debug|Any CPU.ActiveCfg = Debug|Any CPU
		{5BBEE4C8-D239-4D23-87B8-D513F24E8760}.Debug|Any CPU.Build.0 = Debug|Any CPU
		{5BBEE4C8-D239-4D23-87B8-D513F24E8760}.Release|Any CPU.ActiveCfg = Release|Any CPU
		{5BBEE4C8-D239-4D23-87B8-D513F24E8760}.Release|Any CPU.Build.0 = Release|Any CPU
	EndGlobalSection
	GlobalSection(SolutionProperties) = preSolution
		HideSolutionNode = FALSE
	EndGlobalSection
EndGlobal
